
Microsoft Visual Studio Solution File, Format Version 12.00
# Visual Studio 14
VisualStudioVersion = 14.0.25420.1
MinimumVisualStudioVersion = 10.0.40219.1
Project("{9092AA53-FB77-4645-B42D-1CCCA6BD08BD}") = "angular-seed-demo", "angular-seed-demo.njsproj", "{D9FCD7AF-3CE9-43A8-A522-D000D08BCBD5}"
EndProject
Global
	GlobalSection(SolutionConfigurationPlatforms) = preSolution
		Debug|Any CPU = Debug|Any CPU
		Release|Any CPU = Release|Any CPU
	EndGlobalSection
	GlobalSection(ProjectConfigurationPlatforms) = postSolution
		{D9FCD7AF-3CE9-43A8-A522-D000D08BCBD5}.Debug|Any CPU.ActiveCfg = Debug|Any CPU
		{D9FCD7AF-3CE9-43A8-A522-D000D08BCBD5}.Debug|Any CPU.Build.0 = Debug|Any CPU
		{D9FCD7AF-3CE9-43A8-A522-D000D08BCBD5}.Release|Any CPU.ActiveCfg = Release|Any CPU
		{D9FCD7AF-3CE9-43A8-A522-D000D08BCBD5}.Release|Any CPU.Build.0 = Release|Any CPU
	EndGlobalSection
	GlobalSection(SolutionProperties) = preSolution
		HideSolutionNode = FALSE
	EndGlobalSection
EndGlobal
